
Microsoft Visual Studio Solution File, Format Version 12.00
# Visual Studio Version 17
VisualStudioVersion = 17.8.34601.278
MinimumVisualStudioVersion = 10.0.40219.1
Project("{FAE04EC0-301F-11D3-BF4B-00C04F79EFBC}") = "SmallFarm", "SmallFarm.Web\SmallFarm.csproj", "{5019ECA6-9E9F-4D63-995D-5948E4B6F97D}"
EndProject
Project("{FAE04EC0-301F-11D3-BF4B-00C04F79EFBC}") = "SmallFarm.Data", "SmallFarm.Infrastructure\SmallFarm.Data.csproj", "{35385438-6C79-4163-9990-37A38EF5BF6C}"
	ProjectSection(ProjectDependencies) = postProject
		{E08953F2-801A-4B6F-8B1B-10E2DE001B63} = {E08953F2-801A-4B6F-8B1B-10E2DE001B63}
	EndProjectSection
EndProject
Project("{FAE04EC0-301F-11D3-BF4B-00C04F79EFBC}") = "SmallFarm.Core", "SmallFarm.Core\SmallFarm.Core.csproj", "{7BDD2435-F8B9-48F8-AC82-9A041684416F}"
EndProject
Project("{FAE04EC0-301F-11D3-BF4B-00C04F79EFBC}") = "SmallFarm.Common", "SmallFarm.Common\SmallFarm.Common.csproj", "{E08953F2-801A-4B6F-8B1B-10E2DE001B63}"
EndProject
Global
	GlobalSection(SolutionConfigurationPlatforms) = preSolution
		Debug|Any CPU = Debug|Any CPU
		Release|Any CPU = Release|Any CPU
	EndGlobalSection
	GlobalSection(ProjectConfigurationPlatforms) = postSolution
		{5019ECA6-9E9F-4D63-995D-5948E4B6F97D}.Debug|Any CPU.ActiveCfg = Debug|Any CPU
		{5019ECA6-9E9F-4D63-995D-5948E4B6F97D}.Debug|Any CPU.Build.0 = Debug|Any CPU
		{5019ECA6-9E9F-4D63-995D-5948E4B6F97D}.Release|Any CPU.ActiveCfg = Release|Any CPU
		{5019ECA6-9E9F-4D63-995D-5948E4B6F97D}.Release|Any CPU.Build.0 = Release|Any CPU
		{35385438-6C79-4163-9990-37A38EF5BF6C}.Debug|Any CPU.ActiveCfg = Debug|Any CPU
		{35385438-6C79-4163-9990-37A38EF5BF6C}.Debug|Any CPU.Build.0 = Debug|Any CPU
		{35385438-6C79-4163-9990-37A38EF5BF6C}.Release|Any CPU.ActiveCfg = Release|Any CPU
		{35385438-6C79-4163-9990-37A38EF5BF6C}.Release|Any CPU.Build.0 = Release|Any CPU
		{7BDD2435-F8B9-48F8-AC82-9A041684416F}.Debug|Any CPU.ActiveCfg = Debug|Any CPU
		{7BDD2435-F8B9-48F8-AC82-9A041684416F}.Debug|Any CPU.Build.0 = Debug|Any CPU
		{7BDD2435-F8B9-48F8-AC82-9A041684416F}.Release|Any CPU.ActiveCfg = Release|Any CPU
		{7BDD2435-F8B9-48F8-AC82-9A041684416F}.Release|Any CPU.Build.0 = Release|Any CPU
		{E08953F2-801A-4B6F-8B1B-10E2DE001B63}.Debug|Any CPU.ActiveCfg = Debug|Any CPU
		{E08953F2-801A-4B6F-8B1B-10E2DE001B63}.Debug|Any CPU.Build.0 = Debug|Any CPU
		{E08953F2-801A-4B6F-8B1B-10E2DE001B63}.Release|Any CPU.ActiveCfg = Release|Any CPU
		{E08953F2-801A-4B6F-8B1B-10E2DE001B63}.Release|Any CPU.Build.0 = Release|Any CPU
	EndGlobalSection
	GlobalSection(SolutionProperties) = preSolution
		HideSolutionNode = FALSE
	EndGlobalSection
	GlobalSection(ExtensibilityGlobals) = postSolution
		SolutionGuid = {56AE5D99-B561-4456-BD60-9D488C30EC67}
	EndGlobalSection
EndGlobal
