
Microsoft Visual Studio Solution File, Format Version 12.00
# Visual Studio Version 17
VisualStudioVersion = 17.8.34601.278
MinimumVisualStudioVersion = 10.0.40219.1
Project("{9A19103F-16F7-4668-BE54-9A1E7A4F7556}") = "SmallFarm.Common", "SmallFarm.Common\SmallFarm.Common.csproj", "{E08953F2-801A-4B6F-8B1B-10E2DE001B63}"
EndProject
Project("{9A19103F-16F7-4668-BE54-9A1E7A4F7556}") = "SmallFarm", "SmallFarm\SmallFarm.csproj", "{F5E22284-B7E0-4E93-BCB2-3C2F54585595}"
EndProject
Project("{9A19103F-16F7-4668-BE54-9A1E7A4F7556}") = "SmallFarm.Data", "SmallFarm.Data\SmallFarm.Data.csproj", "{DFCAF92F-9147-4E50-8C69-16566259A4BB}"
EndProject
Project("{9A19103F-16F7-4668-BE54-9A1E7A4F7556}") = "SmallFarm.Core", "SmallFarm.Core\SmallFarm.Core.csproj", "{2A3E7CBD-9545-4C8A-81AB-0AE86A61D0FF}"
EndProject
Global
	GlobalSection(SolutionConfigurationPlatforms) = preSolution
		Debug|Any CPU = Debug|Any CPU
		Release|Any CPU = Release|Any CPU
	EndGlobalSection
	GlobalSection(ProjectConfigurationPlatforms) = postSolution
		{E08953F2-801A-4B6F-8B1B-10E2DE001B63}.Debug|Any CPU.ActiveCfg = Debug|Any CPU
		{E08953F2-801A-4B6F-8B1B-10E2DE001B63}.Debug|Any CPU.Build.0 = Debug|Any CPU
		{E08953F2-801A-4B6F-8B1B-10E2DE001B63}.Release|Any CPU.ActiveCfg = Release|Any CPU
		{E08953F2-801A-4B6F-8B1B-10E2DE001B63}.Release|Any CPU.Build.0 = Release|Any CPU
		{F5E22284-B7E0-4E93-BCB2-3C2F54585595}.Debug|Any CPU.ActiveCfg = Debug|Any CPU
		{F5E22284-B7E0-4E93-BCB2-3C2F54585595}.Debug|Any CPU.Build.0 = Debug|Any CPU
		{F5E22284-B7E0-4E93-BCB2-3C2F54585595}.Release|Any CPU.ActiveCfg = Release|Any CPU
		{F5E22284-B7E0-4E93-BCB2-3C2F54585595}.Release|Any CPU.Build.0 = Release|Any CPU
		{DFCAF92F-9147-4E50-8C69-16566259A4BB}.Debug|Any CPU.ActiveCfg = Debug|Any CPU
		{DFCAF92F-9147-4E50-8C69-16566259A4BB}.Debug|Any CPU.Build.0 = Debug|Any CPU
		{DFCAF92F-9147-4E50-8C69-16566259A4BB}.Release|Any CPU.ActiveCfg = Release|Any CPU
		{DFCAF92F-9147-4E50-8C69-16566259A4BB}.Release|Any CPU.Build.0 = Release|Any CPU
		{2A3E7CBD-9545-4C8A-81AB-0AE86A61D0FF}.Debug|Any CPU.ActiveCfg = Debug|Any CPU
		{2A3E7CBD-9545-4C8A-81AB-0AE86A61D0FF}.Debug|Any CPU.Build.0 = Debug|Any CPU
		{2A3E7CBD-9545-4C8A-81AB-0AE86A61D0FF}.Release|Any CPU.ActiveCfg = Release|Any CPU
		{2A3E7CBD-9545-4C8A-81AB-0AE86A61D0FF}.Release|Any CPU.Build.0 = Release|Any CPU
	EndGlobalSection
	GlobalSection(SolutionProperties) = preSolution
		HideSolutionNode = FALSE
	EndGlobalSection
	GlobalSection(ExtensibilityGlobals) = postSolution
		SolutionGuid = {56AE5D99-B561-4456-BD60-9D488C30EC67}
	EndGlobalSection
EndGlobal
